
Microsoft Visual Studio Solution File, Format Version 12.00
# Visual Studio Version 17
VisualStudioVersion = 17.9.34728.123
MinimumVisualStudioVersion = 10.0.40219.1
Project("{8BC9CEB8-8B4A-11D0-8D11-00A0C91BC942}") = "QtTracker", "QtTracker\QtTracker.vcxproj", "{E93F8D00-3D2D-4D38-BAF6-01E9A584980C}"
EndProject
Global
	GlobalSection(SolutionConfigurationPlatforms) = preSolution
		Debug|x64 = Debug|x64
		Release|x64 = Release|x64
	EndGlobalSection
	GlobalSection(ProjectConfigurationPlatforms) = postSolution
		{E93F8D00-3D2D-4D38-BAF6-01E9A584980C}.Debug|x64.ActiveCfg = Debug|x64
		{E93F8D00-3D2D-4D38-BAF6-01E9A584980C}.Debug|x64.Build.0 = Debug|x64
		{E93F8D00-3D2D-4D38-BAF6-01E9A584980C}.Release|x64.ActiveCfg = Release|x64
		{E93F8D00-3D2D-4D38-BAF6-01E9A584980C}.Release|x64.Build.0 = Release|x64
	EndGlobalSection
	GlobalSection(SolutionProperties) = preSolution
		HideSolutionNode = FALSE
	EndGlobalSection
	GlobalSection(ExtensibilityGlobals) = postSolution
		SolutionGuid = {D1B772E6-5BFC-40B2-942F-510807409FAA}
	EndGlobalSection
EndGlobal
